
Microsoft Visual Studio Solution File, Format Version 12.00
# Visual Studio Version 16
VisualStudioVersion = 16.0.31005.135
MinimumVisualStudioVersion = 10.0.40219.1
Project("{FAE04EC0-301F-11D3-BF4B-00C04F79EFBC}") = "Demoblazor3", "Demoblazor3\Demoblazor3.csproj", "{1D49FDC2-7986-498E-9768-38900593C1F6}"
EndProject
Project("{FAE04EC0-301F-11D3-BF4B-00C04F79EFBC}") = "SharedDemo", "SharedDemo\SharedDemo.csproj", "{73FD9BC8-D979-451A-B2A9-9128BF8194BE}"
EndProject
Project("{FAE04EC0-301F-11D3-BF4B-00C04F79EFBC}") = "WebApiDemo", "WebApiDemo\WebApiDemo.csproj", "{B077B336-6E88-4380-976C-D2930FEAAECC}"
EndProject
Global
	GlobalSection(SolutionConfigurationPlatforms) = preSolution
		Debug|Any CPU = Debug|Any CPU
		Release|Any CPU = Release|Any CPU
	EndGlobalSection
	GlobalSection(ProjectConfigurationPlatforms) = postSolution
		{1D49FDC2-7986-498E-9768-38900593C1F6}.Debug|Any CPU.ActiveCfg = Debug|Any CPU
		{1D49FDC2-7986-498E-9768-38900593C1F6}.Debug|Any CPU.Build.0 = Debug|Any CPU
		{1D49FDC2-7986-498E-9768-38900593C1F6}.Release|Any CPU.ActiveCfg = Release|Any CPU
		{1D49FDC2-7986-498E-9768-38900593C1F6}.Release|Any CPU.Build.0 = Release|Any CPU
		{73FD9BC8-D979-451A-B2A9-9128BF8194BE}.Debug|Any CPU.ActiveCfg = Debug|Any CPU
		{73FD9BC8-D979-451A-B2A9-9128BF8194BE}.Debug|Any CPU.Build.0 = Debug|Any CPU
		{73FD9BC8-D979-451A-B2A9-9128BF8194BE}.Release|Any CPU.ActiveCfg = Release|Any CPU
		{73FD9BC8-D979-451A-B2A9-9128BF8194BE}.Release|Any CPU.Build.0 = Release|Any CPU
		{B077B336-6E88-4380-976C-D2930FEAAECC}.Debug|Any CPU.ActiveCfg = Debug|Any CPU
		{B077B336-6E88-4380-976C-D2930FEAAECC}.Debug|Any CPU.Build.0 = Debug|Any CPU
		{B077B336-6E88-4380-976C-D2930FEAAECC}.Release|Any CPU.ActiveCfg = Release|Any CPU
		{B077B336-6E88-4380-976C-D2930FEAAECC}.Release|Any CPU.Build.0 = Release|Any CPU
	EndGlobalSection
	GlobalSection(SolutionProperties) = preSolution
		HideSolutionNode = FALSE
	EndGlobalSection
	GlobalSection(ExtensibilityGlobals) = postSolution
		SolutionGuid = {B8FCB7C2-9FB4-4C60-8441-4A3F399854DF}
	EndGlobalSection
EndGlobal
